
Microsoft Visual Studio Solution File, Format Version 12.00
# Visual Studio Version 17
VisualStudioVersion = 17.9.34728.123
MinimumVisualStudioVersion = 10.0.40219.1
Project("{9A19103F-16F7-4668-BE54-9A1E7A4F7556}") = "Lab1Cap1", "Lab1Cap1\Lab1Cap1.csproj", "{31AEC3A8-1077-4025-952E-15063CF4792B}"
EndProject
Project("{FAE04EC0-301F-11D3-BF4B-00C04F79EFBC}") = "Lab2Cap1", "Lab2Cap1\Lab2Cap1.csproj", "{FF0BD8C8-4F18-4EC4-A495-602A3FC3A454}"
EndProject
Global
	GlobalSection(SolutionConfigurationPlatforms) = preSolution
		Debug|Any CPU = Debug|Any CPU
		Release|Any CPU = Release|Any CPU
	EndGlobalSection
	GlobalSection(ProjectConfigurationPlatforms) = postSolution
		{31AEC3A8-1077-4025-952E-15063CF4792B}.Debug|Any CPU.ActiveCfg = Debug|Any CPU
		{31AEC3A8-1077-4025-952E-15063CF4792B}.Debug|Any CPU.Build.0 = Debug|Any CPU
		{31AEC3A8-1077-4025-952E-15063CF4792B}.Release|Any CPU.ActiveCfg = Release|Any CPU
		{31AEC3A8-1077-4025-952E-15063CF4792B}.Release|Any CPU.Build.0 = Release|Any CPU
		{FF0BD8C8-4F18-4EC4-A495-602A3FC3A454}.Debug|Any CPU.ActiveCfg = Debug|Any CPU
		{FF0BD8C8-4F18-4EC4-A495-602A3FC3A454}.Debug|Any CPU.Build.0 = Debug|Any CPU
		{FF0BD8C8-4F18-4EC4-A495-602A3FC3A454}.Release|Any CPU.ActiveCfg = Release|Any CPU
		{FF0BD8C8-4F18-4EC4-A495-602A3FC3A454}.Release|Any CPU.Build.0 = Release|Any CPU
	EndGlobalSection
	GlobalSection(SolutionProperties) = preSolution
		HideSolutionNode = FALSE
	EndGlobalSection
	GlobalSection(ExtensibilityGlobals) = postSolution
		SolutionGuid = {EABBDFF1-D719-4894-A9FA-4C5F279131EB}
	EndGlobalSection
EndGlobal
